
Microsoft Visual Studio Solution File, Format Version 12.00
# Visual Studio 14
VisualStudioVersion = 14.0.25420.1
MinimumVisualStudioVersion = 10.0.40219.1
Project("{FAE04EC0-301F-11D3-BF4B-00C04F79EFBC}") = "KnockKnockTest", "KnockKnockTest\KnockKnockTest.csproj", "{BE005C20-9F04-403D-9720-736929D57544}"
EndProject
Project("{FAE04EC0-301F-11D3-BF4B-00C04F79EFBC}") = "KnockKnockTest.Tests", "KnockKnockTest.Tests\KnockKnockTest.Tests.csproj", "{E929D629-CF9F-46D0-B667-C82B82FDE3B1}"
EndProject
Global
	GlobalSection(SolutionConfigurationPlatforms) = preSolution
		Debug|Any CPU = Debug|Any CPU
		Release|Any CPU = Release|Any CPU
	EndGlobalSection
	GlobalSection(ProjectConfigurationPlatforms) = postSolution
		{BE005C20-9F04-403D-9720-736929D57544}.Debug|Any CPU.ActiveCfg = Debug|Any CPU
		{BE005C20-9F04-403D-9720-736929D57544}.Debug|Any CPU.Build.0 = Debug|Any CPU
		{BE005C20-9F04-403D-9720-736929D57544}.Release|Any CPU.ActiveCfg = Release|Any CPU
		{BE005C20-9F04-403D-9720-736929D57544}.Release|Any CPU.Build.0 = Release|Any CPU
		{E929D629-CF9F-46D0-B667-C82B82FDE3B1}.Debug|Any CPU.ActiveCfg = Debug|Any CPU
		{E929D629-CF9F-46D0-B667-C82B82FDE3B1}.Debug|Any CPU.Build.0 = Debug|Any CPU
		{E929D629-CF9F-46D0-B667-C82B82FDE3B1}.Release|Any CPU.ActiveCfg = Release|Any CPU
		{E929D629-CF9F-46D0-B667-C82B82FDE3B1}.Release|Any CPU.Build.0 = Release|Any CPU
	EndGlobalSection
	GlobalSection(SolutionProperties) = preSolution
		HideSolutionNode = FALSE
	EndGlobalSection
EndGlobal
